{
    "_readme": [
        "This file locks the dependencies of your project to a known state",
        "Read more about it at https://getcomposer.org/doc/01-basic-usage.md#installing-dependencies",
        "This file is @generated automatically"
    ],
    "content-hash": "0630469fe6238923c6bdfa32742d60d1",
    "packages": [
        {
            "name": "elfwap/devoir",
            "version": "dev-master",
            "source": {
                "type": "git",
                "url": "https://github.com/elfwap/devoir.git",
                "reference": "cd330bfb5c78f33a8210bb1409bf133af68c823f"
            },
            "dist": {
                "type": "zip",
                "url": "https://api.github.com/repos/elfwap/devoir/zipball/cd330bfb5c78f33a8210bb1409bf133af68c823f",
                "reference": "cd330bfb5c78f33a8210bb1409bf133af68c823f",
                "shasum": ""
            },
            "require": {
                "php": ">=7.4"
            },
            "default-branch": true,
            "type": "library",
            "autoload": {
                "psr-4": {
                    "Devoir\\": "src"
                }
            },
            "notification-url": "https://packagist.org/downloads/",
            "license": [
                "MIT"
            ],
            "authors": [
                {
                    "name": "Muhammad Tahir Abdullahi",
                    "email": "muhammedtahirabdullahi@gmail.com",
                    "homepage": "https://github.com/elfwap",
                    "role": "Developer"
                }
            ],
            "description": "Devoir PHP Framework core library.",
            "keywords": [
                "Devoir",
                "dev",
                "dvl",
                "lib",
                "libraries",
                "library",
                "libs"
            ],
            "support": {
                "email": "elftech.inc@gmail.com",
                "issues": "https://github.com/elfwap/devoir/issues",
                "source": "https://github.com/elftwap/devoir/"
            },
            "time": "2021-09-08T15:57:48+00:00"
        }
    ],
    "packages-dev": [],
    "aliases": [],
    "minimum-stability": "dev",
    "stability-flags": {
        "elfwap/devoir": 20
    },
    "prefer-stable": false,
    "prefer-lowest": false,
    "platform": {
        "php": ">=7.4"
    },
    "platform-dev": [],
    "plugin-api-version": "2.1.0"
}
